
Microsoft Visual Studio Solution File, Format Version 12.00
# Visual Studio 15
VisualStudioVersion = 15.0.26730.16
MinimumVisualStudioVersion = 10.0.40219.1
Project("{FAE04EC0-301F-11D3-BF4B-00C04F79EFBC}") = "TomatoStake", "TomatoStake\TomatoStake.csproj", "{43EA89A5-0072-457B-B9F3-3F403F656591}"
EndProject
Global
	GlobalSection(SolutionConfigurationPlatforms) = preSolution
		Debug|Any CPU = Debug|Any CPU
		Release|Any CPU = Release|Any CPU
	EndGlobalSection
	GlobalSection(ProjectConfigurationPlatforms) = postSolution
		{43EA89A5-0072-457B-B9F3-3F403F656591}.Debug|Any CPU.ActiveCfg = Debug|Any CPU
		{43EA89A5-0072-457B-B9F3-3F403F656591}.Debug|Any CPU.Build.0 = Debug|Any CPU
		{43EA89A5-0072-457B-B9F3-3F403F656591}.Release|Any CPU.ActiveCfg = Release|Any CPU
		{43EA89A5-0072-457B-B9F3-3F403F656591}.Release|Any CPU.Build.0 = Release|Any CPU
	EndGlobalSection
	GlobalSection(SolutionProperties) = preSolution
		HideSolutionNode = FALSE
	EndGlobalSection
	GlobalSection(ExtensibilityGlobals) = postSolution
		SolutionGuid = {C929D09D-13D3-4B57-8028-D4249F19F02F}
	EndGlobalSection
EndGlobal
